
Microsoft Visual Studio Solution File, Format Version 12.00
# Visual Studio 15
VisualStudioVersion = 15.0.27130.2036
MinimumVisualStudioVersion = 10.0.40219.1
Project("{FAE04EC0-301F-11D3-BF4B-00C04F79EFBC}") = "WebService", "WebService\WebService.csproj", "{87DC12CC-0835-415B-BD7D-283263EA4F32}"
EndProject
Global
	GlobalSection(SolutionConfigurationPlatforms) = preSolution
		Debug|Any CPU = Debug|Any CPU
		Release|Any CPU = Release|Any CPU
	EndGlobalSection
	GlobalSection(ProjectConfigurationPlatforms) = postSolution
		{87DC12CC-0835-415B-BD7D-283263EA4F32}.Debug|Any CPU.ActiveCfg = Debug|Any CPU
		{87DC12CC-0835-415B-BD7D-283263EA4F32}.Debug|Any CPU.Build.0 = Debug|Any CPU
		{87DC12CC-0835-415B-BD7D-283263EA4F32}.Release|Any CPU.ActiveCfg = Release|Any CPU
		{87DC12CC-0835-415B-BD7D-283263EA4F32}.Release|Any CPU.Build.0 = Release|Any CPU
	EndGlobalSection
	GlobalSection(SolutionProperties) = preSolution
		HideSolutionNode = FALSE
	EndGlobalSection
	GlobalSection(ExtensibilityGlobals) = postSolution
		SolutionGuid = {C42379A0-2956-4246-896E-59A416A271D6}
	EndGlobalSection
EndGlobal
